// !$*UTF8*$!
{
	archiveVersion = 1;
	classes = {
	};
	objectVersion = 46;
	objects = {

/* Begin PBXBuildFile section */
		067A9B581CABB4C800E58F3A /* main.c in Sources */ = {isa = PBXBuildFile; fileRef = 067A9B571CABB4C800E58F3A /* main.c */; };
		067A9B6F1CABB4E000E58F3A /* ca.c in Sources */ = {isa = PBXBuildFile; fileRef = 067A9B5E1CABB4E000E58F3A /* ca.c */; };
		067A9B701CABB4E000E58F3A /* DBConnector.c in Sources */ = {isa = PBXBuildFile; fileRef = 067A9B601CABB4E000E58F3A /* DBConnector.c */; };
		067A9B711CABB4E000E58F3A /* NativeC.c in Sources */ = {isa = PBXBuildFile; fileRef = 067A9B611CABB4E000E58F3A /* NativeC.c */; };
		067A9B721CABB4E000E58F3A /* sha2.c in Sources */ = {isa = PBXBuildFile; fileRef = 067A9B621CABB4E000E58F3A /* sha2.c */; };
		067A9B731CABB4E000E58F3A /* hash_drbg.c in Sources */ = {isa = PBXBuildFile; fileRef = 067A9B631CABB4E000E58F3A /* hash_drbg.c */; };
		067A9B741CABB4E000E58F3A /* GFP.c in Sources */ = {isa = PBXBuildFile; fileRef = 067A9B641CABB4E000E58F3A /* GFP.c */; };
		067A9B751CABB4E000E58F3A /* GFP_EC.c in Sources */ = {isa = PBXBuildFile; fileRef = 067A9B651CABB4E000E58F3A /* GFP_EC.c */; };
		067A9B761CABB4E000E58F3A /* entropy.c in Sources */ = {isa = PBXBuildFile; fileRef = 067A9B661CABB4E000E58F3A /* entropy.c */; };
		067A9B771CABB4E000E58F3A /* ecdsa.c in Sources */ = {isa = PBXBuildFile; fileRef = 067A9B671CABB4E000E58F3A /* ecdsa.c */; };
		067A9B781CABB4E000E58F3A /* aes.c in Sources */ = {isa = PBXBuildFile; fileRef = 067A9B681CABB4E000E58F3A /* aes.c */; };
		067A9B791CABB4E000E58F3A /* BN.c in Sources */ = {isa = PBXBuildFile; fileRef = 067A9B691CABB4E000E58F3A /* BN.c */; };
/* End PBXBuildFile section */

/* Begin PBXCopyFilesBuildPhase section */
		067A9B521CABB4C800E58F3A /* CopyFiles */ = {
			isa = PBXCopyFilesBuildPhase;
			buildActionMask = 2147483647;
			dstPath = /usr/share/man/man1/;
			dstSubfolderSpec = 0;
			files = (
			);
			runOnlyForDeploymentPostprocessing = 1;
		};
/* End PBXCopyFilesBuildPhase section */

/* Begin PBXFileReference section */
		067A9B541CABB4C800E58F3A /* ca */ = {isa = PBXFileReference; explicitFileType = "compiled.mach-o.executable"; includeInIndex = 0; path = ca; sourceTree = BUILT_PRODUCTS_DIR; };
		067A9B571CABB4C800E58F3A /* main.c */ = {isa = PBXFileReference; lastKnownFileType = sourcecode.c.c; path = main.c; sourceTree = "<group>"; };
		067A9B5E1CABB4E000E58F3A /* ca.c */ = {isa = PBXFileReference; fileEncoding = 4; lastKnownFileType = sourcecode.c.c; path = ca.c; sourceTree = "<group>"; };
		067A9B5F1CABB4E000E58F3A /* DBConnector.h */ = {isa = PBXFileReference; fileEncoding = 4; lastKnownFileType = sourcecode.c.h; path = DBConnector.h; sourceTree = "<group>"; };
		067A9B601CABB4E000E58F3A /* DBConnector.c */ = {isa = PBXFileReference; fileEncoding = 4; lastKnownFileType = sourcecode.c.c; path = DBConnector.c; sourceTree = "<group>"; };
		067A9B611CABB4E000E58F3A /* NativeC.c */ = {isa = PBXFileReference; fileEncoding = 4; lastKnownFileType = sourcecode.c.c; path = NativeC.c; sourceTree = "<group>"; };
		067A9B621CABB4E000E58F3A /* sha2.c */ = {isa = PBXFileReference; fileEncoding = 4; lastKnownFileType = sourcecode.c.c; path = sha2.c; sourceTree = "<group>"; };
		067A9B631CABB4E000E58F3A /* hash_drbg.c */ = {isa = PBXFileReference; fileEncoding = 4; lastKnownFileType = sourcecode.c.c; path = hash_drbg.c; sourceTree = "<group>"; };
		067A9B641CABB4E000E58F3A /* GFP.c */ = {isa = PBXFileReference; fileEncoding = 4; lastKnownFileType = sourcecode.c.c; path = GFP.c; sourceTree = "<group>"; };
		067A9B651CABB4E000E58F3A /* GFP_EC.c */ = {isa = PBXFileReference; fileEncoding = 4; lastKnownFileType = sourcecode.c.c; path = GFP_EC.c; sourceTree = "<group>"; };
		067A9B661CABB4E000E58F3A /* entropy.c */ = {isa = PBXFileReference; fileEncoding = 4; lastKnownFileType = sourcecode.c.c; path = entropy.c; sourceTree = "<group>"; };
		067A9B671CABB4E000E58F3A /* ecdsa.c */ = {isa = PBXFileReference; fileEncoding = 4; lastKnownFileType = sourcecode.c.c; path = ecdsa.c; sourceTree = "<group>"; };
		067A9B681CABB4E000E58F3A /* aes.c */ = {isa = PBXFileReference; fileEncoding = 4; lastKnownFileType = sourcecode.c.c; path = aes.c; sourceTree = "<group>"; };
		067A9B691CABB4E000E58F3A /* BN.c */ = {isa = PBXFileReference; fileEncoding = 4; lastKnownFileType = sourcecode.c.c; path = BN.c; sourceTree = "<group>"; };
		067A9B6A1CABB4E000E58F3A /* EBDCrypto.h */ = {isa = PBXFileReference; fileEncoding = 4; lastKnownFileType = sourcecode.c.h; path = EBDCrypto.h; sourceTree = "<group>"; };
		067A9B6B1CABB4E000E58F3A /* EBDerror.h */ = {isa = PBXFileReference; fileEncoding = 4; lastKnownFileType = sourcecode.c.h; path = EBDerror.h; sourceTree = "<group>"; };
		067A9B6C1CABB4E000E58F3A /* givtech_ebdcrypto_GenerateCertCSR.h */ = {isa = PBXFileReference; fileEncoding = 4; lastKnownFileType = sourcecode.c.h; path = givtech_ebdcrypto_GenerateCertCSR.h; sourceTree = "<group>"; };
		067A9B6D1CABB4E000E58F3A /* givtech_ebdcrypto.h */ = {isa = PBXFileReference; fileEncoding = 4; lastKnownFileType = sourcecode.c.h; path = givtech_ebdcrypto.h; sourceTree = "<group>"; };
		067A9B6E1CABB4E000E58F3A /* ca.h */ = {isa = PBXFileReference; fileEncoding = 4; lastKnownFileType = sourcecode.c.h; path = ca.h; sourceTree = "<group>"; };
/* End PBXFileReference section */

/* Begin PBXFrameworksBuildPhase section */
		067A9B511CABB4C800E58F3A /* Frameworks */ = {
			isa = PBXFrameworksBuildPhase;
			buildActionMask = 2147483647;
			files = (
			);
			runOnlyForDeploymentPostprocessing = 0;
		};
/* End PBXFrameworksBuildPhase section */

/* Begin PBXGroup section */
		067A9B4B1CABB4C800E58F3A = {
			isa = PBXGroup;
			children = (
				067A9B561CABB4C800E58F3A /* ca */,
				067A9B551CABB4C800E58F3A /* Products */,
			);
			sourceTree = "<group>";
		};
		067A9B551CABB4C800E58F3A /* Products */ = {
			isa = PBXGroup;
			children = (
				067A9B541CABB4C800E58F3A /* ca */,
			);
			name = Products;
			sourceTree = "<group>";
		};
		067A9B561CABB4C800E58F3A /* ca */ = {
			isa = PBXGroup;
			children = (
				067A9B5E1CABB4E000E58F3A /* ca.c */,
				067A9B5F1CABB4E000E58F3A /* DBConnector.h */,
				067A9B601CABB4E000E58F3A /* DBConnector.c */,
				067A9B611CABB4E000E58F3A /* NativeC.c */,
				067A9B621CABB4E000E58F3A /* sha2.c */,
				067A9B631CABB4E000E58F3A /* hash_drbg.c */,
				067A9B641CABB4E000E58F3A /* GFP.c */,
				067A9B651CABB4E000E58F3A /* GFP_EC.c */,
				067A9B661CABB4E000E58F3A /* entropy.c */,
				067A9B671CABB4E000E58F3A /* ecdsa.c */,
				067A9B681CABB4E000E58F3A /* aes.c */,
				067A9B691CABB4E000E58F3A /* BN.c */,
				067A9B6A1CABB4E000E58F3A /* EBDCrypto.h */,
				067A9B6B1CABB4E000E58F3A /* EBDerror.h */,
				067A9B6C1CABB4E000E58F3A /* givtech_ebdcrypto_GenerateCertCSR.h */,
				067A9B6D1CABB4E000E58F3A /* givtech_ebdcrypto.h */,
				067A9B6E1CABB4E000E58F3A /* ca.h */,
				067A9B571CABB4C800E58F3A /* main.c */,
			);
			path = ca;
			sourceTree = "<group>";
		};
/* End PBXGroup section */

/* Begin PBXNativeTarget section */
		067A9B531CABB4C800E58F3A /* ca */ = {
			isa = PBXNativeTarget;
			buildConfigurationList = 067A9B5B1CABB4C800E58F3A /* Build configuration list for PBXNativeTarget "ca" */;
			buildPhases = (
				067A9B501CABB4C800E58F3A /* Sources */,
				067A9B511CABB4C800E58F3A /* Frameworks */,
				067A9B521CABB4C800E58F3A /* CopyFiles */,
			);
			buildRules = (
			);
			dependencies = (
			);
			name = ca;
			productName = ca;
			productReference = 067A9B541CABB4C800E58F3A /* ca */;
			productType = "com.apple.product-type.tool";
		};
/* End PBXNativeTarget section */

/* Begin PBXProject section */
		067A9B4C1CABB4C800E58F3A /* Project object */ = {
			isa = PBXProject;
			attributes = {
				LastUpgradeCheck = 0730;
				ORGANIZATIONNAME = Jooney;
				TargetAttributes = {
					067A9B531CABB4C800E58F3A = {
						CreatedOnToolsVersion = 7.3;
					};
				};
			};
			buildConfigurationList = 067A9B4F1CABB4C800E58F3A /* Build configuration list for PBXProject "ca" */;
			compatibilityVersion = "Xcode 3.2";
			developmentRegion = English;
			hasScannedForEncodings = 0;
			knownRegions = (
				en,
			);
			mainGroup = 067A9B4B1CABB4C800E58F3A;
			productRefGroup = 067A9B551CABB4C800E58F3A /* Products */;
			projectDirPath = "";
			projectRoot = "";
			targets = (
				067A9B531CABB4C800E58F3A /* ca */,
			);
		};
/* End PBXProject section */

/* Begin PBXSourcesBuildPhase section */
		067A9B501CABB4C800E58F3A /* Sources */ = {
			isa = PBXSourcesBuildPhase;
			buildActionMask = 2147483647;
			files = (
				067A9B781CABB4E000E58F3A /* aes.c in Sources */,
				067A9B791CABB4E000E58F3A /* BN.c in Sources */,
				067A9B731CABB4E000E58F3A /* hash_drbg.c in Sources */,
				067A9B721CABB4E000E58F3A /* sha2.c in Sources */,
				067A9B741CABB4E000E58F3A /* GFP.c in Sources */,
				067A9B711CABB4E000E58F3A /* NativeC.c in Sources */,
				067A9B771CABB4E000E58F3A /* ecdsa.c in Sources */,
				067A9B581CABB4C800E58F3A /* main.c in Sources */,
				067A9B761CABB4E000E58F3A /* entropy.c in Sources */,
				067A9B751CABB4E000E58F3A /* GFP_EC.c in Sources */,
				067A9B6F1CABB4E000E58F3A /* ca.c in Sources */,
				067A9B701CABB4E000E58F3A /* DBConnector.c in Sources */,
			);
			runOnlyForDeploymentPostprocessing = 0;
		};
/* End PBXSourcesBuildPhase section */

/* Begin XCBuildConfiguration section */
		067A9B591CABB4C800E58F3A /* Debug */ = {
			isa = XCBuildConfiguration;
			buildSettings = {
				ALWAYS_SEARCH_USER_PATHS = NO;
				CLANG_ANALYZER_NONNULL = YES;
				CLANG_CXX_LANGUAGE_STANDARD = "gnu++0x";
				CLANG_CXX_LIBRARY = "libc++";
				CLANG_ENABLE_MODULES = YES;
				CLANG_ENABLE_OBJC_ARC = YES;
				CLANG_WARN_BOOL_CONVERSION = YES;
				CLANG_WARN_CONSTANT_CONVERSION = YES;
				CLANG_WARN_DIRECT_OBJC_ISA_USAGE = YES_ERROR;
				CLANG_WARN_EMPTY_BODY = YES;
				CLANG_WARN_ENUM_CONVERSION = YES;
				CLANG_WARN_INT_CONVERSION = YES;
				CLANG_WARN_OBJC_ROOT_CLASS = YES_ERROR;
				CLANG_WARN_UNREACHABLE_CODE = YES;
				CLANG_WARN__DUPLICATE_METHOD_MATCH = YES;
				CODE_SIGN_IDENTITY = "-";
				COPY_PHASE_STRIP = NO;
				DEBUG_INFORMATION_FORMAT = dwarf;
				ENABLE_STRICT_OBJC_MSGSEND = YES;
				ENABLE_TESTABILITY = YES;
				GCC_C_LANGUAGE_STANDARD = gnu99;
				GCC_DYNAMIC_NO_PIC = NO;
				GCC_NO_COMMON_BLOCKS = YES;
				GCC_OPTIMIZATION_LEVEL = 0;
				GCC_PREPROCESSOR_DEFINITIONS = (
					"DEBUG=1",
					"$(inherited)",
				);
				GCC_WARN_64_TO_32_BIT_CONVERSION = YES;
				GCC_WARN_ABOUT_RETURN_TYPE = YES_ERROR;
				GCC_WARN_UNDECLARED_SELECTOR = YES;
				GCC_WARN_UNINITIALIZED_AUTOS = YES_AGGRESSIVE;
				GCC_WARN_UNUSED_FUNCTION = YES;
				GCC_WARN_UNUSED_VARIABLE = YES;
				MACOSX_DEPLOYMENT_TARGET = 10.11;
				MTL_ENABLE_DEBUG_INFO = YES;
				ONLY_ACTIVE_ARCH = YES;
				SDKROOT = macosx;
			};
			name = Debug;
		};
		067A9B5A1CABB4C800E58F3A /* Release */ = {
			isa = XCBuildConfiguration;
			buildSettings = {
				ALWAYS_SEARCH_USER_PATHS = NO;
				CLANG_ANALYZER_NONNULL = YES;
				CLANG_CXX_LANGUAGE_STANDARD = "gnu++0x";
				CLANG_CXX_LIBRARY = "libc++";
				CLANG_ENABLE_MODULES = YES;
				CLANG_ENABLE_OBJC_ARC = YES;
				CLANG_WARN_BOOL_CONVERSION = YES;
				CLANG_WARN_CONSTANT_CONVERSION = YES;
				CLANG_WARN_DIRECT_OBJC_ISA_USAGE = YES_ERROR;
				CLANG_WARN_EMPTY_BODY = YES;
				CLANG_WARN_ENUM_CONVERSION = YES;
				CLANG_WARN_INT_CONVERSION = YES;
				CLANG_WARN_OBJC_ROOT_CLASS = YES_ERROR;
				CLANG_WARN_UNREACHABLE_CODE = YES;
				CLANG_WARN__DUPLICATE_METHOD_MATCH = YES;
				CODE_SIGN_IDENTITY = "-";
				COPY_PHASE_STRIP = NO;
				DEBUG_INFORMATION_FORMAT = "dwarf-with-dsym";
				ENABLE_NS_ASSERTIONS = NO;
				ENABLE_STRICT_OBJC_MSGSEND = YES;
				GCC_C_LANGUAGE_STANDARD = gnu99;
				GCC_NO_COMMON_BLOCKS = YES;
				GCC_WARN_64_TO_32_BIT_CONVERSION = YES;
				GCC_WARN_ABOUT_RETURN_TYPE = YES_ERROR;
				GCC_WARN_UNDECLARED_SELECTOR = YES;
				GCC_WARN_UNINITIALIZED_AUTOS = YES_AGGRESSIVE;
				GCC_WARN_UNUSED_FUNCTION = YES;
				GCC_WARN_UNUSED_VARIABLE = YES;
				MACOSX_DEPLOYMENT_TARGET = 10.11;
				MTL_ENABLE_DEBUG_INFO = NO;
				SDKROOT = macosx;
			};
			name = Release;
		};
		067A9B5C1CABB4C800E58F3A /* Debug */ = {
			isa = XCBuildConfiguration;
			buildSettings = {
				HEADER_SEARCH_PATHS = (
					/usr/local/Cellar/mysql/5.7.11/include/mysql,
					/Applications/Xcode.app/Contents/Developer/Platforms/MacOSX.platform/Developer/SDKs/MacOSX10.11.sdk/System/Library/Frameworks/JavaVM.framework/Versions/A/Headers,
				);
				LIBRARY_SEARCH_PATHS = /usr/local/Cellar/mysql/5.7.11/lib;
				OTHER_LDFLAGS = (
					"-lz",
					"-lm",
					"-lmysqlclient",
				);
				PRODUCT_NAME = "$(TARGET_NAME)";
			};
			name = Debug;
		};
		067A9B5D1CABB4C800E58F3A /* Release */ = {
			isa = XCBuildConfiguration;
			buildSettings = {
				HEADER_SEARCH_PATHS = (
					/usr/local/Cellar/mysql/5.7.11/include/mysql,
					/Applications/Xcode.app/Contents/Developer/Platforms/MacOSX.platform/Developer/SDKs/MacOSX10.11.sdk/System/Library/Frameworks/JavaVM.framework/Versions/A/Headers,
				);
				LIBRARY_SEARCH_PATHS = /usr/local/Cellar/mysql/5.7.11/lib;
				OTHER_LDFLAGS = (
					"-lz",
					"-lm",
					"-lmysqlclient",
				);
				PRODUCT_NAME = "$(TARGET_NAME)";
			};
			name = Release;
		};
/* End XCBuildConfiguration section */

/* Begin XCConfigurationList section */
		067A9B4F1CABB4C800E58F3A /* Build configuration list for PBXProject "ca" */ = {
			isa = XCConfigurationList;
			buildConfigurations = (
				067A9B591CABB4C800E58F3A /* Debug */,
				067A9B5A1CABB4C800E58F3A /* Release */,
			);
			defaultConfigurationIsVisible = 0;
			defaultConfigurationName = Release;
		};
		067A9B5B1CABB4C800E58F3A /* Build configuration list for PBXNativeTarget "ca" */ = {
			isa = XCConfigurationList;
			buildConfigurations = (
				067A9B5C1CABB4C800E58F3A /* Debug */,
				067A9B5D1CABB4C800E58F3A /* Release */,
			);
			defaultConfigurationIsVisible = 0;
		};
/* End XCConfigurationList section */
	};
	rootObject = 067A9B4C1CABB4C800E58F3A /* Project object */;
}
